
Microsoft Visual Studio Solution File, Format Version 12.00
# Visual Studio Version 17
VisualStudioVersion = 17.13.35931.197 d17.13
MinimumVisualStudioVersion = 10.0.40219.1
Project("{FAE04EC0-301F-11D3-BF4B-00C04F79EFBC}") = "ApiCatalogo", "ApiCatalogo.csproj", "{882CD152-EB50-4ED9-B32B-0322788F2322}"
EndProject
Global
	GlobalSection(SolutionConfigurationPlatforms) = preSolution
		Debug|Any CPU = Debug|Any CPU
		Release|Any CPU = Release|Any CPU
	EndGlobalSection
	GlobalSection(ProjectConfigurationPlatforms) = postSolution
		{882CD152-EB50-4ED9-B32B-0322788F2322}.Debug|Any CPU.ActiveCfg = Debug|Any CPU
		{882CD152-EB50-4ED9-B32B-0322788F2322}.Debug|Any CPU.Build.0 = Debug|Any CPU
		{882CD152-EB50-4ED9-B32B-0322788F2322}.Release|Any CPU.ActiveCfg = Release|Any CPU
		{882CD152-EB50-4ED9-B32B-0322788F2322}.Release|Any CPU.Build.0 = Release|Any CPU
	EndGlobalSection
	GlobalSection(SolutionProperties) = preSolution
		HideSolutionNode = FALSE
	EndGlobalSection
	GlobalSection(ExtensibilityGlobals) = postSolution
		SolutionGuid = {FED13BF5-2B12-4000-A899-03D6C1512756}
	EndGlobalSection
EndGlobal
